
Microsoft Visual Studio Solution File, Format Version 12.00
# Visual Studio Version 17
VisualStudioVersion = 17.10.35027.167
MinimumVisualStudioVersion = 10.0.40219.1
Project("{FAE04EC0-301F-11D3-BF4B-00C04F79EFBC}") = "MVC_Shekru_WebApplication", "MVC_Shekru_WebApplication\MVC_Shekru_WebApplication.csproj", "{21F7F4A1-B247-48CF-A98F-C3D7C683589E}"
EndProject
Global
	GlobalSection(SolutionConfigurationPlatforms) = preSolution
		Debug|Any CPU = Debug|Any CPU
		Release|Any CPU = Release|Any CPU
	EndGlobalSection
	GlobalSection(ProjectConfigurationPlatforms) = postSolution
		{21F7F4A1-B247-48CF-A98F-C3D7C683589E}.Debug|Any CPU.ActiveCfg = Debug|Any CPU
		{21F7F4A1-B247-48CF-A98F-C3D7C683589E}.Debug|Any CPU.Build.0 = Debug|Any CPU
		{21F7F4A1-B247-48CF-A98F-C3D7C683589E}.Release|Any CPU.ActiveCfg = Release|Any CPU
		{21F7F4A1-B247-48CF-A98F-C3D7C683589E}.Release|Any CPU.Build.0 = Release|Any CPU
	EndGlobalSection
	GlobalSection(SolutionProperties) = preSolution
		HideSolutionNode = FALSE
	EndGlobalSection
	GlobalSection(ExtensibilityGlobals) = postSolution
		SolutionGuid = {E01E94B2-00D6-42D1-BE21-EBA7FBFEB937}
	EndGlobalSection
EndGlobal
